
Microsoft Visual Studio Solution File, Format Version 12.00
# Visual Studio Version 17
VisualStudioVersion = 17.5.33402.96
MinimumVisualStudioVersion = 10.0.40219.1
Project("{9A19103F-16F7-4668-BE54-9A1E7A4F7556}") = "leetcode2", "leetcode2.csproj", "{022D91B3-1C8F-4FED-A7C0-641B8029936D}"
EndProject
Project("{9A19103F-16F7-4668-BE54-9A1E7A4F7556}") = "乘积最大子数组", "乘积最大子数组\乘积最大子数组.csproj", "{90924796-18EE-4DD8-A52B-3D8DB7EACDFD}"
EndProject
Project("{9A19103F-16F7-4668-BE54-9A1E7A4F7556}") = "238.除自身以外数组的乘积", "除自身以外数组的乘积\238.除自身以外数组的乘积.csproj", "{A8E650E6-4136-4917-9E70-952509B72EDA}"
EndProject
Project("{9A19103F-16F7-4668-BE54-9A1E7A4F7556}") = "岛屿数量", "岛屿数量\岛屿数量.csproj", "{125E746F-5E61-43FF-BD49-F724FF302D01}"
EndProject
Project("{9A19103F-16F7-4668-BE54-9A1E7A4F7556}") = "课程表", "课程表\课程表.csproj", "{34720596-1544-47B1-A4FA-A2DAFE60AC2C}"
EndProject
Project("{9A19103F-16F7-4668-BE54-9A1E7A4F7556}") = "课程表2", "课程表2\课程表2.csproj", "{E6FF7B02-B745-4979-A380-1C661B4A0557}"
EndProject
Project("{9A19103F-16F7-4668-BE54-9A1E7A4F7556}") = "面试", "面试\面试.csproj", "{96919A23-775D-4CDD-AA16-5089FD681885}"
EndProject
Project("{9A19103F-16F7-4668-BE54-9A1E7A4F7556}") = "最小栈", "最小栈\最小栈.csproj", "{4EEB51F7-CE56-45C6-A543-2C0F520FA0CE}"
EndProject
Global
	GlobalSection(SolutionConfigurationPlatforms) = preSolution
		Debug|Any CPU = Debug|Any CPU
		Release|Any CPU = Release|Any CPU
	EndGlobalSection
	GlobalSection(ProjectConfigurationPlatforms) = postSolution
		{022D91B3-1C8F-4FED-A7C0-641B8029936D}.Debug|Any CPU.ActiveCfg = Debug|Any CPU
		{022D91B3-1C8F-4FED-A7C0-641B8029936D}.Debug|Any CPU.Build.0 = Debug|Any CPU
		{022D91B3-1C8F-4FED-A7C0-641B8029936D}.Release|Any CPU.ActiveCfg = Release|Any CPU
		{022D91B3-1C8F-4FED-A7C0-641B8029936D}.Release|Any CPU.Build.0 = Release|Any CPU
		{90924796-18EE-4DD8-A52B-3D8DB7EACDFD}.Debug|Any CPU.ActiveCfg = Debug|Any CPU
		{90924796-18EE-4DD8-A52B-3D8DB7EACDFD}.Debug|Any CPU.Build.0 = Debug|Any CPU
		{90924796-18EE-4DD8-A52B-3D8DB7EACDFD}.Release|Any CPU.ActiveCfg = Release|Any CPU
		{90924796-18EE-4DD8-A52B-3D8DB7EACDFD}.Release|Any CPU.Build.0 = Release|Any CPU
		{A8E650E6-4136-4917-9E70-952509B72EDA}.Debug|Any CPU.ActiveCfg = Debug|Any CPU
		{A8E650E6-4136-4917-9E70-952509B72EDA}.Debug|Any CPU.Build.0 = Debug|Any CPU
		{A8E650E6-4136-4917-9E70-952509B72EDA}.Release|Any CPU.ActiveCfg = Release|Any CPU
		{A8E650E6-4136-4917-9E70-952509B72EDA}.Release|Any CPU.Build.0 = Release|Any CPU
		{125E746F-5E61-43FF-BD49-F724FF302D01}.Debug|Any CPU.ActiveCfg = Debug|Any CPU
		{125E746F-5E61-43FF-BD49-F724FF302D01}.Debug|Any CPU.Build.0 = Debug|Any CPU
		{125E746F-5E61-43FF-BD49-F724FF302D01}.Release|Any CPU.ActiveCfg = Release|Any CPU
		{125E746F-5E61-43FF-BD49-F724FF302D01}.Release|Any CPU.Build.0 = Release|Any CPU
		{34720596-1544-47B1-A4FA-A2DAFE60AC2C}.Debug|Any CPU.ActiveCfg = Debug|Any CPU
		{34720596-1544-47B1-A4FA-A2DAFE60AC2C}.Debug|Any CPU.Build.0 = Debug|Any CPU
		{34720596-1544-47B1-A4FA-A2DAFE60AC2C}.Release|Any CPU.ActiveCfg = Release|Any CPU
		{34720596-1544-47B1-A4FA-A2DAFE60AC2C}.Release|Any CPU.Build.0 = Release|Any CPU
		{E6FF7B02-B745-4979-A380-1C661B4A0557}.Debug|Any CPU.ActiveCfg = Debug|Any CPU
		{E6FF7B02-B745-4979-A380-1C661B4A0557}.Debug|Any CPU.Build.0 = Debug|Any CPU
		{E6FF7B02-B745-4979-A380-1C661B4A0557}.Release|Any CPU.ActiveCfg = Release|Any CPU
		{E6FF7B02-B745-4979-A380-1C661B4A0557}.Release|Any CPU.Build.0 = Release|Any CPU
		{96919A23-775D-4CDD-AA16-5089FD681885}.Debug|Any CPU.ActiveCfg = Debug|Any CPU
		{96919A23-775D-4CDD-AA16-5089FD681885}.Debug|Any CPU.Build.0 = Debug|Any CPU
		{96919A23-775D-4CDD-AA16-5089FD681885}.Release|Any CPU.ActiveCfg = Release|Any CPU
		{96919A23-775D-4CDD-AA16-5089FD681885}.Release|Any CPU.Build.0 = Release|Any CPU
		{4EEB51F7-CE56-45C6-A543-2C0F520FA0CE}.Debug|Any CPU.ActiveCfg = Debug|Any CPU
		{4EEB51F7-CE56-45C6-A543-2C0F520FA0CE}.Debug|Any CPU.Build.0 = Debug|Any CPU
		{4EEB51F7-CE56-45C6-A543-2C0F520FA0CE}.Release|Any CPU.ActiveCfg = Release|Any CPU
		{4EEB51F7-CE56-45C6-A543-2C0F520FA0CE}.Release|Any CPU.Build.0 = Release|Any CPU
	EndGlobalSection
	GlobalSection(SolutionProperties) = preSolution
		HideSolutionNode = FALSE
	EndGlobalSection
	GlobalSection(ExtensibilityGlobals) = postSolution
		SolutionGuid = {CC5F40B2-1224-4932-B9C6-0C11F4757F29}
	EndGlobalSection
EndGlobal
