
Microsoft Visual Studio Solution File, Format Version 12.00
# Visual Studio Version 17
VisualStudioVersion = 17.5.33402.96
MinimumVisualStudioVersion = 10.0.40219.1
Project("{9A19103F-16F7-4668-BE54-9A1E7A4F7556}") = "Leetcode", "Leetcode\Leetcode.csproj", "{201D291E-D016-4F2F-AD51-E9AE9C10580F}"
EndProject
Project("{9A19103F-16F7-4668-BE54-9A1E7A4F7556}") = "sumoftwonumbers", "sumoftwonumbers\sumoftwonumbers.csproj", "{6AF5849D-2F9E-459C-8685-5262B4CD1D98}"
EndProject
Project("{9A19103F-16F7-4668-BE54-9A1E7A4F7556}") = "无重复字符的最长子串", "无重复字符的最长子串\无重复字符的最长子串.csproj", "{C2E08A6B-9336-4BB4-939E-952AFD38B33F}"
EndProject
Project("{9A19103F-16F7-4668-BE54-9A1E7A4F7556}") = "寻找两个正序数组的中位数", "寻找两个正序数组的中位数\寻找两个正序数组的中位数.csproj", "{DBF116BE-B657-4D05-85DC-BF095FAC77A0}"
EndProject
Project("{9A19103F-16F7-4668-BE54-9A1E7A4F7556}") = "最长回文子串", "最长回文子串\最长回文子串.csproj", "{AAC1BD19-21A8-4AE3-8928-FAC52FD4632B}"
EndProject
Project("{9A19103F-16F7-4668-BE54-9A1E7A4F7556}") = "N字形变换", "N字形变换\N字形变换.csproj", "{E9BDC909-9723-433C-ADE4-29AC1190AC5A}"
EndProject
Project("{9A19103F-16F7-4668-BE54-9A1E7A4F7556}") = "整数反转", "整数反转\整数反转.csproj", "{9CF3C6EB-18B6-4171-B57E-5E6402099897}"
EndProject
Project("{9A19103F-16F7-4668-BE54-9A1E7A4F7556}") = "字符串转换整数", "字符串转换整数\字符串转换整数.csproj", "{BA4DA7B4-8671-4A5A-913D-AEE2A1F27C6E}"
EndProject
Project("{9A19103F-16F7-4668-BE54-9A1E7A4F7556}") = "盛最多水的容器", "盛最多水的容器\盛最多水的容器.csproj", "{BE6F703D-45EC-4187-B1BD-43416D00F7BD}"
EndProject
Project("{9A19103F-16F7-4668-BE54-9A1E7A4F7556}") = "保证文件名唯一", "保证文件名唯一\保证文件名唯一.csproj", "{EA22B759-252C-4C31-B310-9ED72297626F}"
EndProject
Project("{9A19103F-16F7-4668-BE54-9A1E7A4F7556}") = "字符串中的第一个唯一字符", "字符串中的第一个唯一字符\字符串中的第一个唯一字符.csproj", "{0E554BDC-E9C3-43F3-9978-E4251FEE9969}"
EndProject
Project("{9A19103F-16F7-4668-BE54-9A1E7A4F7556}") = "多数元素", "多数元素\多数元素.csproj", "{E385E868-1DE9-42B3-BC0F-ECC10FC9C99C}"
EndProject
Project("{9A19103F-16F7-4668-BE54-9A1E7A4F7556}") = "三数之和", "三数之和\三数之和.csproj", "{B1DFE450-B8DA-464D-BD8A-BD38349CB4EB}"
EndProject
Project("{9A19103F-16F7-4668-BE54-9A1E7A4F7556}") = "电话号码的字母组合", "电话号码的字母组合\电话号码的字母组合.csproj", "{56EB70FA-B424-478F-9437-7570DC1D9F15}"
EndProject
Project("{9A19103F-16F7-4668-BE54-9A1E7A4F7556}") = "删除链表的倒数第 N个结点", "删除链表的倒数第 N个结点\删除链表的倒数第 N个结点.csproj", "{08A10D67-C65E-4853-99A8-10318E7F753A}"
EndProject
Project("{9A19103F-16F7-4668-BE54-9A1E7A4F7556}") = "有效的括号", "有效的括号\有效的括号.csproj", "{D7A445D2-B18B-4BDD-AA8A-347DD719981F}"
EndProject
Project("{9A19103F-16F7-4668-BE54-9A1E7A4F7556}") = "合并两个有序链表", "合并两个有序链表\合并两个有序链表.csproj", "{9D3F2AF4-2B9A-401B-B279-7FA55489C115}"
EndProject
Project("{9A19103F-16F7-4668-BE54-9A1E7A4F7556}") = "括号生成", "括号生成\括号生成.csproj", "{3D0742B5-98F8-4AEF-AAC4-C5D207F861E2}"
EndProject
Project("{9A19103F-16F7-4668-BE54-9A1E7A4F7556}") = "合并k个升序链表", "合并k个升序链表\合并k个升序链表.csproj", "{7FD38D99-76CF-4173-8B61-4116FF3D6329}"
EndProject
Project("{9A19103F-16F7-4668-BE54-9A1E7A4F7556}") = "下一个排列", "下一个排列\下一个排列.csproj", "{AC9C18A0-A34D-4D39-A14A-72C08EE08A4B}"
EndProject
Project("{9A19103F-16F7-4668-BE54-9A1E7A4F7556}") = "全排列", "全排列\全排列.csproj", "{2DCAA367-D05F-4AD7-86E1-44FA8DBA5BD0}"
EndProject
Project("{9A19103F-16F7-4668-BE54-9A1E7A4F7556}") = "ConsoleApp1", "ConsoleApp1\ConsoleApp1.csproj", "{39325506-9334-4775-B153-0B097417AB62}"
EndProject
Project("{9A19103F-16F7-4668-BE54-9A1E7A4F7556}") = "最长有效括号", "最长有效括号\最长有效括号.csproj", "{2B143535-A83C-4FED-9546-DD3D3CE3E9AF}"
EndProject
Project("{9A19103F-16F7-4668-BE54-9A1E7A4F7556}") = "搜索旋转排序数组", "搜索旋转排序数组\搜索旋转排序数组.csproj", "{A633D11D-121D-413D-BE75-2D84E5885A69}"
EndProject
Project("{9A19103F-16F7-4668-BE54-9A1E7A4F7556}") = "在排序数组中查找元素的第一个和最后一个位置", "在排序数组中查找元素的第一个和最后一个位置\在排序数组中查找元素的第一个和最后一个位置.csproj", "{215F9875-F802-409F-AE0E-3BA8F2D652E0}"
EndProject
Project("{9A19103F-16F7-4668-BE54-9A1E7A4F7556}") = "组合总和", "组合总和\组合总和.csproj", "{578F003B-6D3B-4FBD-976C-4C79656878B0}"
EndProject
Project("{9A19103F-16F7-4668-BE54-9A1E7A4F7556}") = "旋转图像", "旋转图像\旋转图像.csproj", "{18A4FDB8-1D38-43E3-BBF1-4F9B971AE925}"
EndProject
Project("{9A19103F-16F7-4668-BE54-9A1E7A4F7556}") = "寻找旋转数组中的最小值", "寻找旋转数组中的最小值\寻找旋转数组中的最小值.csproj", "{449012F5-F959-495A-B74E-0343D5EFC053}"
EndProject
Project("{9A19103F-16F7-4668-BE54-9A1E7A4F7556}") = "链表的中间结点", "链表的中间结点\链表的中间结点.csproj", "{44276C60-C4E2-4C65-8ED3-8BA14BE74682}"
EndProject
Project("{9A19103F-16F7-4668-BE54-9A1E7A4F7556}") = "寻找重复数", "寻找重复数\寻找重复数.csproj", "{BA80D35A-C0A7-43AA-A4BD-17413E4699DE}"
EndProject
Project("{9A19103F-16F7-4668-BE54-9A1E7A4F7556}") = "反转链表", "反转链表\反转链表.csproj", "{2B7501E2-D097-473E-A9A9-9F172069EBDC}"
EndProject
Project("{9A19103F-16F7-4668-BE54-9A1E7A4F7556}") = "92.反转链表2", "92.反转链表2\92.反转链表2.csproj", "{48F30C4C-B629-461F-91A3-B7AF95CDB642}"
EndProject
Project("{9A19103F-16F7-4668-BE54-9A1E7A4F7556}") = "字母异位词分组", "字母异位词分组\字母异位词分组.csproj", "{22BED7C5-9433-4E1A-BC36-10738DB1C64F}"
EndProject
Project("{9A19103F-16F7-4668-BE54-9A1E7A4F7556}") = "合并区间", "合并区间\合并区间.csproj", "{23686588-78E3-49B8-880F-24389ED53E16}"
EndProject
Project("{9A19103F-16F7-4668-BE54-9A1E7A4F7556}") = "插入区间", "插入区间\插入区间.csproj", "{984D4D41-A586-414E-894A-3BBCAB694283}"
EndProject
Project("{9A19103F-16F7-4668-BE54-9A1E7A4F7556}") = "不同路径", "不同路径\不同路径.csproj", "{079D0F62-944D-47AD-BDDD-3162CA99A995}"
EndProject
Project("{9A19103F-16F7-4668-BE54-9A1E7A4F7556}") = "编辑距离", "编辑距离\编辑距离.csproj", "{587402B8-C62E-4D7C-9711-F4BCB3B9ABBB}"
EndProject
Project("{9A19103F-16F7-4668-BE54-9A1E7A4F7556}") = "颜色分类", "颜色分类\颜色分类.csproj", "{E0C0EF90-34CF-4C7C-B12A-AC9A1A86E6D9}"
EndProject
Project("{9A19103F-16F7-4668-BE54-9A1E7A4F7556}") = "最小覆盖子串", "最小覆盖子串\最小覆盖子串.csproj", "{71E884D4-CF84-40E6-BB52-74640D0F78F6}"
EndProject
Project("{9A19103F-16F7-4668-BE54-9A1E7A4F7556}") = "子集", "子集\子集.csproj", "{BF073AAD-D477-4AD4-AAE6-FF75B7F572E0}"
EndProject
Project("{9A19103F-16F7-4668-BE54-9A1E7A4F7556}") = "单词搜索", "单词搜索\单词搜索.csproj", "{AE08F373-16A2-414A-8A09-EF92D72528B7}"
EndProject
Project("{9A19103F-16F7-4668-BE54-9A1E7A4F7556}") = "柱形图中的最大矩形", "柱形图中的最大矩形\柱形图中的最大矩形.csproj", "{669295F7-095B-448A-94E9-5D6BA944AA58}"
EndProject
Project("{9A19103F-16F7-4668-BE54-9A1E7A4F7556}") = "每日温度", "每日温度\每日温度.csproj", "{6A224539-2688-4731-A9DA-A181FDF11BD1}"
EndProject
Project("{9A19103F-16F7-4668-BE54-9A1E7A4F7556}") = "85.最大矩形", "85.最大矩形\85.最大矩形.csproj", "{B91651F6-5945-49A5-AC35-DE3E119802DE}"
EndProject
Project("{9A19103F-16F7-4668-BE54-9A1E7A4F7556}") = "102.二叉树的层次遍历", "102.二叉树的层次遍历\102.二叉树的层次遍历.csproj", "{F0C655EB-391F-415F-B36E-F4B816F27635}"
EndProject
Project("{9A19103F-16F7-4668-BE54-9A1E7A4F7556}") = "从前序序列和中序序列构造二叉树", "从前序序列和中序序列构造二叉树\从前序序列和中序序列构造二叉树.csproj", "{E5E9CB95-C2E2-4705-8457-19F1768D4106}"
EndProject
Project("{9A19103F-16F7-4668-BE54-9A1E7A4F7556}") = "二叉树中的最大路径和", "二叉树中的最大路径和\二叉树中的最大路径和.csproj", "{56649905-164A-43BD-B458-5DE00A597AFE}"
EndProject
Project("{9A19103F-16F7-4668-BE54-9A1E7A4F7556}") = "单词拆分", "单词拆分\单词拆分.csproj", "{A5C4EAAF-6ED2-4059-9401-DA302BBF3BF4}"
EndProject
Project("{9A19103F-16F7-4668-BE54-9A1E7A4F7556}") = "LRU缓存", "LRU缓存\LRU缓存.csproj", "{4DBBB5DC-5C2F-4359-9181-965FA5315C1C}"
EndProject
Project("{FAE04EC0-301F-11D3-BF4B-00C04F79EFBC}") = "排序链表", "排序链表\排序链表.csproj", "{72346CE2-EF5B-41D9-A905-104FAF65F823}"
EndProject
Global
	GlobalSection(SolutionConfigurationPlatforms) = preSolution
		Debug|Any CPU = Debug|Any CPU
		Release|Any CPU = Release|Any CPU
	EndGlobalSection
	GlobalSection(ProjectConfigurationPlatforms) = postSolution
		{201D291E-D016-4F2F-AD51-E9AE9C10580F}.Debug|Any CPU.ActiveCfg = Debug|Any CPU
		{201D291E-D016-4F2F-AD51-E9AE9C10580F}.Debug|Any CPU.Build.0 = Debug|Any CPU
		{201D291E-D016-4F2F-AD51-E9AE9C10580F}.Release|Any CPU.ActiveCfg = Release|Any CPU
		{201D291E-D016-4F2F-AD51-E9AE9C10580F}.Release|Any CPU.Build.0 = Release|Any CPU
		{6AF5849D-2F9E-459C-8685-5262B4CD1D98}.Debug|Any CPU.ActiveCfg = Debug|Any CPU
		{6AF5849D-2F9E-459C-8685-5262B4CD1D98}.Debug|Any CPU.Build.0 = Debug|Any CPU
		{6AF5849D-2F9E-459C-8685-5262B4CD1D98}.Release|Any CPU.ActiveCfg = Release|Any CPU
		{6AF5849D-2F9E-459C-8685-5262B4CD1D98}.Release|Any CPU.Build.0 = Release|Any CPU
		{C2E08A6B-9336-4BB4-939E-952AFD38B33F}.Debug|Any CPU.ActiveCfg = Debug|Any CPU
		{C2E08A6B-9336-4BB4-939E-952AFD38B33F}.Debug|Any CPU.Build.0 = Debug|Any CPU
		{C2E08A6B-9336-4BB4-939E-952AFD38B33F}.Release|Any CPU.ActiveCfg = Release|Any CPU
		{C2E08A6B-9336-4BB4-939E-952AFD38B33F}.Release|Any CPU.Build.0 = Release|Any CPU
		{DBF116BE-B657-4D05-85DC-BF095FAC77A0}.Debug|Any CPU.ActiveCfg = Debug|Any CPU
		{DBF116BE-B657-4D05-85DC-BF095FAC77A0}.Debug|Any CPU.Build.0 = Debug|Any CPU
		{DBF116BE-B657-4D05-85DC-BF095FAC77A0}.Release|Any CPU.ActiveCfg = Release|Any CPU
		{DBF116BE-B657-4D05-85DC-BF095FAC77A0}.Release|Any CPU.Build.0 = Release|Any CPU
		{AAC1BD19-21A8-4AE3-8928-FAC52FD4632B}.Debug|Any CPU.ActiveCfg = Debug|Any CPU
		{AAC1BD19-21A8-4AE3-8928-FAC52FD4632B}.Debug|Any CPU.Build.0 = Debug|Any CPU
		{AAC1BD19-21A8-4AE3-8928-FAC52FD4632B}.Release|Any CPU.ActiveCfg = Release|Any CPU
		{AAC1BD19-21A8-4AE3-8928-FAC52FD4632B}.Release|Any CPU.Build.0 = Release|Any CPU
		{E9BDC909-9723-433C-ADE4-29AC1190AC5A}.Debug|Any CPU.ActiveCfg = Debug|Any CPU
		{E9BDC909-9723-433C-ADE4-29AC1190AC5A}.Debug|Any CPU.Build.0 = Debug|Any CPU
		{E9BDC909-9723-433C-ADE4-29AC1190AC5A}.Release|Any CPU.ActiveCfg = Release|Any CPU
		{E9BDC909-9723-433C-ADE4-29AC1190AC5A}.Release|Any CPU.Build.0 = Release|Any CPU
		{9CF3C6EB-18B6-4171-B57E-5E6402099897}.Debug|Any CPU.ActiveCfg = Debug|Any CPU
		{9CF3C6EB-18B6-4171-B57E-5E6402099897}.Debug|Any CPU.Build.0 = Debug|Any CPU
		{9CF3C6EB-18B6-4171-B57E-5E6402099897}.Release|Any CPU.ActiveCfg = Release|Any CPU
		{9CF3C6EB-18B6-4171-B57E-5E6402099897}.Release|Any CPU.Build.0 = Release|Any CPU
		{BA4DA7B4-8671-4A5A-913D-AEE2A1F27C6E}.Debug|Any CPU.ActiveCfg = Debug|Any CPU
		{BA4DA7B4-8671-4A5A-913D-AEE2A1F27C6E}.Debug|Any CPU.Build.0 = Debug|Any CPU
		{BA4DA7B4-8671-4A5A-913D-AEE2A1F27C6E}.Release|Any CPU.ActiveCfg = Release|Any CPU
		{BA4DA7B4-8671-4A5A-913D-AEE2A1F27C6E}.Release|Any CPU.Build.0 = Release|Any CPU
		{BE6F703D-45EC-4187-B1BD-43416D00F7BD}.Debug|Any CPU.ActiveCfg = Debug|Any CPU
		{BE6F703D-45EC-4187-B1BD-43416D00F7BD}.Debug|Any CPU.Build.0 = Debug|Any CPU
		{BE6F703D-45EC-4187-B1BD-43416D00F7BD}.Release|Any CPU.ActiveCfg = Release|Any CPU
		{BE6F703D-45EC-4187-B1BD-43416D00F7BD}.Release|Any CPU.Build.0 = Release|Any CPU
		{EA22B759-252C-4C31-B310-9ED72297626F}.Debug|Any CPU.ActiveCfg = Debug|Any CPU
		{EA22B759-252C-4C31-B310-9ED72297626F}.Debug|Any CPU.Build.0 = Debug|Any CPU
		{EA22B759-252C-4C31-B310-9ED72297626F}.Release|Any CPU.ActiveCfg = Release|Any CPU
		{EA22B759-252C-4C31-B310-9ED72297626F}.Release|Any CPU.Build.0 = Release|Any CPU
		{0E554BDC-E9C3-43F3-9978-E4251FEE9969}.Debug|Any CPU.ActiveCfg = Debug|Any CPU
		{0E554BDC-E9C3-43F3-9978-E4251FEE9969}.Debug|Any CPU.Build.0 = Debug|Any CPU
		{0E554BDC-E9C3-43F3-9978-E4251FEE9969}.Release|Any CPU.ActiveCfg = Release|Any CPU
		{0E554BDC-E9C3-43F3-9978-E4251FEE9969}.Release|Any CPU.Build.0 = Release|Any CPU
		{E385E868-1DE9-42B3-BC0F-ECC10FC9C99C}.Debug|Any CPU.ActiveCfg = Debug|Any CPU
		{E385E868-1DE9-42B3-BC0F-ECC10FC9C99C}.Debug|Any CPU.Build.0 = Debug|Any CPU
		{E385E868-1DE9-42B3-BC0F-ECC10FC9C99C}.Release|Any CPU.ActiveCfg = Release|Any CPU
		{E385E868-1DE9-42B3-BC0F-ECC10FC9C99C}.Release|Any CPU.Build.0 = Release|Any CPU
		{B1DFE450-B8DA-464D-BD8A-BD38349CB4EB}.Debug|Any CPU.ActiveCfg = Debug|Any CPU
		{B1DFE450-B8DA-464D-BD8A-BD38349CB4EB}.Debug|Any CPU.Build.0 = Debug|Any CPU
		{B1DFE450-B8DA-464D-BD8A-BD38349CB4EB}.Release|Any CPU.ActiveCfg = Release|Any CPU
		{B1DFE450-B8DA-464D-BD8A-BD38349CB4EB}.Release|Any CPU.Build.0 = Release|Any CPU
		{56EB70FA-B424-478F-9437-7570DC1D9F15}.Debug|Any CPU.ActiveCfg = Debug|Any CPU
		{56EB70FA-B424-478F-9437-7570DC1D9F15}.Debug|Any CPU.Build.0 = Debug|Any CPU
		{56EB70FA-B424-478F-9437-7570DC1D9F15}.Release|Any CPU.ActiveCfg = Release|Any CPU
		{56EB70FA-B424-478F-9437-7570DC1D9F15}.Release|Any CPU.Build.0 = Release|Any CPU
		{08A10D67-C65E-4853-99A8-10318E7F753A}.Debug|Any CPU.ActiveCfg = Debug|Any CPU
		{08A10D67-C65E-4853-99A8-10318E7F753A}.Debug|Any CPU.Build.0 = Debug|Any CPU
		{08A10D67-C65E-4853-99A8-10318E7F753A}.Release|Any CPU.ActiveCfg = Release|Any CPU
		{08A10D67-C65E-4853-99A8-10318E7F753A}.Release|Any CPU.Build.0 = Release|Any CPU
		{D7A445D2-B18B-4BDD-AA8A-347DD719981F}.Debug|Any CPU.ActiveCfg = Debug|Any CPU
		{D7A445D2-B18B-4BDD-AA8A-347DD719981F}.Debug|Any CPU.Build.0 = Debug|Any CPU
		{D7A445D2-B18B-4BDD-AA8A-347DD719981F}.Release|Any CPU.ActiveCfg = Release|Any CPU
		{D7A445D2-B18B-4BDD-AA8A-347DD719981F}.Release|Any CPU.Build.0 = Release|Any CPU
		{9D3F2AF4-2B9A-401B-B279-7FA55489C115}.Debug|Any CPU.ActiveCfg = Debug|Any CPU
		{9D3F2AF4-2B9A-401B-B279-7FA55489C115}.Debug|Any CPU.Build.0 = Debug|Any CPU
		{9D3F2AF4-2B9A-401B-B279-7FA55489C115}.Release|Any CPU.ActiveCfg = Release|Any CPU
		{9D3F2AF4-2B9A-401B-B279-7FA55489C115}.Release|Any CPU.Build.0 = Release|Any CPU
		{3D0742B5-98F8-4AEF-AAC4-C5D207F861E2}.Debug|Any CPU.ActiveCfg = Debug|Any CPU
		{3D0742B5-98F8-4AEF-AAC4-C5D207F861E2}.Debug|Any CPU.Build.0 = Debug|Any CPU
		{3D0742B5-98F8-4AEF-AAC4-C5D207F861E2}.Release|Any CPU.ActiveCfg = Release|Any CPU
		{3D0742B5-98F8-4AEF-AAC4-C5D207F861E2}.Release|Any CPU.Build.0 = Release|Any CPU
		{7FD38D99-76CF-4173-8B61-4116FF3D6329}.Debug|Any CPU.ActiveCfg = Debug|Any CPU
		{7FD38D99-76CF-4173-8B61-4116FF3D6329}.Debug|Any CPU.Build.0 = Debug|Any CPU
		{7FD38D99-76CF-4173-8B61-4116FF3D6329}.Release|Any CPU.ActiveCfg = Release|Any CPU
		{7FD38D99-76CF-4173-8B61-4116FF3D6329}.Release|Any CPU.Build.0 = Release|Any CPU
		{AC9C18A0-A34D-4D39-A14A-72C08EE08A4B}.Debug|Any CPU.ActiveCfg = Debug|Any CPU
		{AC9C18A0-A34D-4D39-A14A-72C08EE08A4B}.Debug|Any CPU.Build.0 = Debug|Any CPU
		{AC9C18A0-A34D-4D39-A14A-72C08EE08A4B}.Release|Any CPU.ActiveCfg = Release|Any CPU
		{AC9C18A0-A34D-4D39-A14A-72C08EE08A4B}.Release|Any CPU.Build.0 = Release|Any CPU
		{2DCAA367-D05F-4AD7-86E1-44FA8DBA5BD0}.Debug|Any CPU.ActiveCfg = Debug|Any CPU
		{2DCAA367-D05F-4AD7-86E1-44FA8DBA5BD0}.Debug|Any CPU.Build.0 = Debug|Any CPU
		{2DCAA367-D05F-4AD7-86E1-44FA8DBA5BD0}.Release|Any CPU.ActiveCfg = Release|Any CPU
		{2DCAA367-D05F-4AD7-86E1-44FA8DBA5BD0}.Release|Any CPU.Build.0 = Release|Any CPU
		{39325506-9334-4775-B153-0B097417AB62}.Debug|Any CPU.ActiveCfg = Debug|Any CPU
		{39325506-9334-4775-B153-0B097417AB62}.Debug|Any CPU.Build.0 = Debug|Any CPU
		{39325506-9334-4775-B153-0B097417AB62}.Release|Any CPU.ActiveCfg = Release|Any CPU
		{39325506-9334-4775-B153-0B097417AB62}.Release|Any CPU.Build.0 = Release|Any CPU
		{2B143535-A83C-4FED-9546-DD3D3CE3E9AF}.Debug|Any CPU.ActiveCfg = Debug|Any CPU
		{2B143535-A83C-4FED-9546-DD3D3CE3E9AF}.Debug|Any CPU.Build.0 = Debug|Any CPU
		{2B143535-A83C-4FED-9546-DD3D3CE3E9AF}.Release|Any CPU.ActiveCfg = Release|Any CPU
		{2B143535-A83C-4FED-9546-DD3D3CE3E9AF}.Release|Any CPU.Build.0 = Release|Any CPU
		{A633D11D-121D-413D-BE75-2D84E5885A69}.Debug|Any CPU.ActiveCfg = Debug|Any CPU
		{A633D11D-121D-413D-BE75-2D84E5885A69}.Debug|Any CPU.Build.0 = Debug|Any CPU
		{A633D11D-121D-413D-BE75-2D84E5885A69}.Release|Any CPU.ActiveCfg = Release|Any CPU
		{A633D11D-121D-413D-BE75-2D84E5885A69}.Release|Any CPU.Build.0 = Release|Any CPU
		{215F9875-F802-409F-AE0E-3BA8F2D652E0}.Debug|Any CPU.ActiveCfg = Debug|Any CPU
		{215F9875-F802-409F-AE0E-3BA8F2D652E0}.Debug|Any CPU.Build.0 = Debug|Any CPU
		{215F9875-F802-409F-AE0E-3BA8F2D652E0}.Release|Any CPU.ActiveCfg = Release|Any CPU
		{215F9875-F802-409F-AE0E-3BA8F2D652E0}.Release|Any CPU.Build.0 = Release|Any CPU
		{578F003B-6D3B-4FBD-976C-4C79656878B0}.Debug|Any CPU.ActiveCfg = Debug|Any CPU
		{578F003B-6D3B-4FBD-976C-4C79656878B0}.Debug|Any CPU.Build.0 = Debug|Any CPU
		{578F003B-6D3B-4FBD-976C-4C79656878B0}.Release|Any CPU.ActiveCfg = Release|Any CPU
		{578F003B-6D3B-4FBD-976C-4C79656878B0}.Release|Any CPU.Build.0 = Release|Any CPU
		{18A4FDB8-1D38-43E3-BBF1-4F9B971AE925}.Debug|Any CPU.ActiveCfg = Debug|Any CPU
		{18A4FDB8-1D38-43E3-BBF1-4F9B971AE925}.Debug|Any CPU.Build.0 = Debug|Any CPU
		{18A4FDB8-1D38-43E3-BBF1-4F9B971AE925}.Release|Any CPU.ActiveCfg = Release|Any CPU
		{18A4FDB8-1D38-43E3-BBF1-4F9B971AE925}.Release|Any CPU.Build.0 = Release|Any CPU
		{449012F5-F959-495A-B74E-0343D5EFC053}.Debug|Any CPU.ActiveCfg = Debug|Any CPU
		{449012F5-F959-495A-B74E-0343D5EFC053}.Debug|Any CPU.Build.0 = Debug|Any CPU
		{449012F5-F959-495A-B74E-0343D5EFC053}.Release|Any CPU.ActiveCfg = Release|Any CPU
		{449012F5-F959-495A-B74E-0343D5EFC053}.Release|Any CPU.Build.0 = Release|Any CPU
		{44276C60-C4E2-4C65-8ED3-8BA14BE74682}.Debug|Any CPU.ActiveCfg = Debug|Any CPU
		{44276C60-C4E2-4C65-8ED3-8BA14BE74682}.Debug|Any CPU.Build.0 = Debug|Any CPU
		{44276C60-C4E2-4C65-8ED3-8BA14BE74682}.Release|Any CPU.ActiveCfg = Release|Any CPU
		{44276C60-C4E2-4C65-8ED3-8BA14BE74682}.Release|Any CPU.Build.0 = Release|Any CPU
		{BA80D35A-C0A7-43AA-A4BD-17413E4699DE}.Debug|Any CPU.ActiveCfg = Debug|Any CPU
		{BA80D35A-C0A7-43AA-A4BD-17413E4699DE}.Debug|Any CPU.Build.0 = Debug|Any CPU
		{BA80D35A-C0A7-43AA-A4BD-17413E4699DE}.Release|Any CPU.ActiveCfg = Release|Any CPU
		{BA80D35A-C0A7-43AA-A4BD-17413E4699DE}.Release|Any CPU.Build.0 = Release|Any CPU
		{2B7501E2-D097-473E-A9A9-9F172069EBDC}.Debug|Any CPU.ActiveCfg = Debug|Any CPU
		{2B7501E2-D097-473E-A9A9-9F172069EBDC}.Debug|Any CPU.Build.0 = Debug|Any CPU
		{2B7501E2-D097-473E-A9A9-9F172069EBDC}.Release|Any CPU.ActiveCfg = Release|Any CPU
		{2B7501E2-D097-473E-A9A9-9F172069EBDC}.Release|Any CPU.Build.0 = Release|Any CPU
		{48F30C4C-B629-461F-91A3-B7AF95CDB642}.Debug|Any CPU.ActiveCfg = Debug|Any CPU
		{48F30C4C-B629-461F-91A3-B7AF95CDB642}.Debug|Any CPU.Build.0 = Debug|Any CPU
		{48F30C4C-B629-461F-91A3-B7AF95CDB642}.Release|Any CPU.ActiveCfg = Release|Any CPU
		{48F30C4C-B629-461F-91A3-B7AF95CDB642}.Release|Any CPU.Build.0 = Release|Any CPU
		{22BED7C5-9433-4E1A-BC36-10738DB1C64F}.Debug|Any CPU.ActiveCfg = Debug|Any CPU
		{22BED7C5-9433-4E1A-BC36-10738DB1C64F}.Debug|Any CPU.Build.0 = Debug|Any CPU
		{22BED7C5-9433-4E1A-BC36-10738DB1C64F}.Release|Any CPU.ActiveCfg = Release|Any CPU
		{22BED7C5-9433-4E1A-BC36-10738DB1C64F}.Release|Any CPU.Build.0 = Release|Any CPU
		{23686588-78E3-49B8-880F-24389ED53E16}.Debug|Any CPU.ActiveCfg = Debug|Any CPU
		{23686588-78E3-49B8-880F-24389ED53E16}.Debug|Any CPU.Build.0 = Debug|Any CPU
		{23686588-78E3-49B8-880F-24389ED53E16}.Release|Any CPU.ActiveCfg = Release|Any CPU
		{23686588-78E3-49B8-880F-24389ED53E16}.Release|Any CPU.Build.0 = Release|Any CPU
		{984D4D41-A586-414E-894A-3BBCAB694283}.Debug|Any CPU.ActiveCfg = Debug|Any CPU
		{984D4D41-A586-414E-894A-3BBCAB694283}.Debug|Any CPU.Build.0 = Debug|Any CPU
		{984D4D41-A586-414E-894A-3BBCAB694283}.Release|Any CPU.ActiveCfg = Release|Any CPU
		{984D4D41-A586-414E-894A-3BBCAB694283}.Release|Any CPU.Build.0 = Release|Any CPU
		{079D0F62-944D-47AD-BDDD-3162CA99A995}.Debug|Any CPU.ActiveCfg = Debug|Any CPU
		{079D0F62-944D-47AD-BDDD-3162CA99A995}.Debug|Any CPU.Build.0 = Debug|Any CPU
		{079D0F62-944D-47AD-BDDD-3162CA99A995}.Release|Any CPU.ActiveCfg = Release|Any CPU
		{079D0F62-944D-47AD-BDDD-3162CA99A995}.Release|Any CPU.Build.0 = Release|Any CPU
		{587402B8-C62E-4D7C-9711-F4BCB3B9ABBB}.Debug|Any CPU.ActiveCfg = Debug|Any CPU
		{587402B8-C62E-4D7C-9711-F4BCB3B9ABBB}.Debug|Any CPU.Build.0 = Debug|Any CPU
		{587402B8-C62E-4D7C-9711-F4BCB3B9ABBB}.Release|Any CPU.ActiveCfg = Release|Any CPU
		{587402B8-C62E-4D7C-9711-F4BCB3B9ABBB}.Release|Any CPU.Build.0 = Release|Any CPU
		{E0C0EF90-34CF-4C7C-B12A-AC9A1A86E6D9}.Debug|Any CPU.ActiveCfg = Debug|Any CPU
		{E0C0EF90-34CF-4C7C-B12A-AC9A1A86E6D9}.Debug|Any CPU.Build.0 = Debug|Any CPU
		{E0C0EF90-34CF-4C7C-B12A-AC9A1A86E6D9}.Release|Any CPU.ActiveCfg = Release|Any CPU
		{E0C0EF90-34CF-4C7C-B12A-AC9A1A86E6D9}.Release|Any CPU.Build.0 = Release|Any CPU
		{71E884D4-CF84-40E6-BB52-74640D0F78F6}.Debug|Any CPU.ActiveCfg = Debug|Any CPU
		{71E884D4-CF84-40E6-BB52-74640D0F78F6}.Debug|Any CPU.Build.0 = Debug|Any CPU
		{71E884D4-CF84-40E6-BB52-74640D0F78F6}.Release|Any CPU.ActiveCfg = Release|Any CPU
		{71E884D4-CF84-40E6-BB52-74640D0F78F6}.Release|Any CPU.Build.0 = Release|Any CPU
		{BF073AAD-D477-4AD4-AAE6-FF75B7F572E0}.Debug|Any CPU.ActiveCfg = Debug|Any CPU
		{BF073AAD-D477-4AD4-AAE6-FF75B7F572E0}.Debug|Any CPU.Build.0 = Debug|Any CPU
		{BF073AAD-D477-4AD4-AAE6-FF75B7F572E0}.Release|Any CPU.ActiveCfg = Release|Any CPU
		{BF073AAD-D477-4AD4-AAE6-FF75B7F572E0}.Release|Any CPU.Build.0 = Release|Any CPU
		{AE08F373-16A2-414A-8A09-EF92D72528B7}.Debug|Any CPU.ActiveCfg = Debug|Any CPU
		{AE08F373-16A2-414A-8A09-EF92D72528B7}.Debug|Any CPU.Build.0 = Debug|Any CPU
		{AE08F373-16A2-414A-8A09-EF92D72528B7}.Release|Any CPU.ActiveCfg = Release|Any CPU
		{AE08F373-16A2-414A-8A09-EF92D72528B7}.Release|Any CPU.Build.0 = Release|Any CPU
		{669295F7-095B-448A-94E9-5D6BA944AA58}.Debug|Any CPU.ActiveCfg = Debug|Any CPU
		{669295F7-095B-448A-94E9-5D6BA944AA58}.Debug|Any CPU.Build.0 = Debug|Any CPU
		{669295F7-095B-448A-94E9-5D6BA944AA58}.Release|Any CPU.ActiveCfg = Release|Any CPU
		{669295F7-095B-448A-94E9-5D6BA944AA58}.Release|Any CPU.Build.0 = Release|Any CPU
		{6A224539-2688-4731-A9DA-A181FDF11BD1}.Debug|Any CPU.ActiveCfg = Debug|Any CPU
		{6A224539-2688-4731-A9DA-A181FDF11BD1}.Debug|Any CPU.Build.0 = Debug|Any CPU
		{6A224539-2688-4731-A9DA-A181FDF11BD1}.Release|Any CPU.ActiveCfg = Release|Any CPU
		{6A224539-2688-4731-A9DA-A181FDF11BD1}.Release|Any CPU.Build.0 = Release|Any CPU
		{B91651F6-5945-49A5-AC35-DE3E119802DE}.Debug|Any CPU.ActiveCfg = Debug|Any CPU
		{B91651F6-5945-49A5-AC35-DE3E119802DE}.Debug|Any CPU.Build.0 = Debug|Any CPU
		{B91651F6-5945-49A5-AC35-DE3E119802DE}.Release|Any CPU.ActiveCfg = Release|Any CPU
		{B91651F6-5945-49A5-AC35-DE3E119802DE}.Release|Any CPU.Build.0 = Release|Any CPU
		{F0C655EB-391F-415F-B36E-F4B816F27635}.Debug|Any CPU.ActiveCfg = Debug|Any CPU
		{F0C655EB-391F-415F-B36E-F4B816F27635}.Debug|Any CPU.Build.0 = Debug|Any CPU
		{F0C655EB-391F-415F-B36E-F4B816F27635}.Release|Any CPU.ActiveCfg = Release|Any CPU
		{F0C655EB-391F-415F-B36E-F4B816F27635}.Release|Any CPU.Build.0 = Release|Any CPU
		{E5E9CB95-C2E2-4705-8457-19F1768D4106}.Debug|Any CPU.ActiveCfg = Debug|Any CPU
		{E5E9CB95-C2E2-4705-8457-19F1768D4106}.Debug|Any CPU.Build.0 = Debug|Any CPU
		{E5E9CB95-C2E2-4705-8457-19F1768D4106}.Release|Any CPU.ActiveCfg = Release|Any CPU
		{E5E9CB95-C2E2-4705-8457-19F1768D4106}.Release|Any CPU.Build.0 = Release|Any CPU
		{56649905-164A-43BD-B458-5DE00A597AFE}.Debug|Any CPU.ActiveCfg = Debug|Any CPU
		{56649905-164A-43BD-B458-5DE00A597AFE}.Debug|Any CPU.Build.0 = Debug|Any CPU
		{56649905-164A-43BD-B458-5DE00A597AFE}.Release|Any CPU.ActiveCfg = Release|Any CPU
		{56649905-164A-43BD-B458-5DE00A597AFE}.Release|Any CPU.Build.0 = Release|Any CPU
		{A5C4EAAF-6ED2-4059-9401-DA302BBF3BF4}.Debug|Any CPU.ActiveCfg = Debug|Any CPU
		{A5C4EAAF-6ED2-4059-9401-DA302BBF3BF4}.Debug|Any CPU.Build.0 = Debug|Any CPU
		{A5C4EAAF-6ED2-4059-9401-DA302BBF3BF4}.Release|Any CPU.ActiveCfg = Release|Any CPU
		{A5C4EAAF-6ED2-4059-9401-DA302BBF3BF4}.Release|Any CPU.Build.0 = Release|Any CPU
		{4DBBB5DC-5C2F-4359-9181-965FA5315C1C}.Debug|Any CPU.ActiveCfg = Debug|Any CPU
		{4DBBB5DC-5C2F-4359-9181-965FA5315C1C}.Debug|Any CPU.Build.0 = Debug|Any CPU
		{4DBBB5DC-5C2F-4359-9181-965FA5315C1C}.Release|Any CPU.ActiveCfg = Release|Any CPU
		{4DBBB5DC-5C2F-4359-9181-965FA5315C1C}.Release|Any CPU.Build.0 = Release|Any CPU
		{72346CE2-EF5B-41D9-A905-104FAF65F823}.Debug|Any CPU.ActiveCfg = Debug|Any CPU
		{72346CE2-EF5B-41D9-A905-104FAF65F823}.Debug|Any CPU.Build.0 = Debug|Any CPU
		{72346CE2-EF5B-41D9-A905-104FAF65F823}.Release|Any CPU.ActiveCfg = Release|Any CPU
		{72346CE2-EF5B-41D9-A905-104FAF65F823}.Release|Any CPU.Build.0 = Release|Any CPU
	EndGlobalSection
	GlobalSection(SolutionProperties) = preSolution
		HideSolutionNode = FALSE
	EndGlobalSection
	GlobalSection(ExtensibilityGlobals) = postSolution
		SolutionGuid = {2A44EC9C-1919-41CA-A370-6435C1E55A6C}
	EndGlobalSection
EndGlobal
